
Microsoft Visual Studio Solution File, Format Version 12.00
# Visual Studio Version 17
VisualStudioVersion = 17.7.34202.233
MinimumVisualStudioVersion = 10.0.40219.1
Project("{FAE04EC0-301F-11D3-BF4B-00C04F79EFBC}") = "Jarvis Windows", "Jarvis Windows\Jarvis Windows.csproj", "{7C102F24-553F-4D0C-B3DC-3D6D433AEF90}"
EndProject
Global
	GlobalSection(SolutionConfigurationPlatforms) = preSolution
		Debug|Any CPU = Debug|Any CPU
		Dev|Any CPU = Dev|Any CPU
		Product|Any CPU = Product|Any CPU
		Release|Any CPU = Release|Any CPU
	EndGlobalSection
	GlobalSection(ProjectConfigurationPlatforms) = postSolution
		{7C102F24-553F-4D0C-B3DC-3D6D433AEF90}.Debug|Any CPU.ActiveCfg = Debug|Any CPU
		{7C102F24-553F-4D0C-B3DC-3D6D433AEF90}.Debug|Any CPU.Build.0 = Debug|Any CPU
		{7C102F24-553F-4D0C-B3DC-3D6D433AEF90}.Dev|Any CPU.ActiveCfg = Dev|Any CPU
		{7C102F24-553F-4D0C-B3DC-3D6D433AEF90}.Dev|Any CPU.Build.0 = Dev|Any CPU
		{7C102F24-553F-4D0C-B3DC-3D6D433AEF90}.Product|Any CPU.ActiveCfg = Product|Any CPU
		{7C102F24-553F-4D0C-B3DC-3D6D433AEF90}.Product|Any CPU.Build.0 = Product|Any CPU
		{7C102F24-553F-4D0C-B3DC-3D6D433AEF90}.Release|Any CPU.ActiveCfg = Release|Any CPU
		{7C102F24-553F-4D0C-B3DC-3D6D433AEF90}.Release|Any CPU.Build.0 = Release|Any CPU
	EndGlobalSection
	GlobalSection(SolutionProperties) = preSolution
		HideSolutionNode = FALSE
	EndGlobalSection
	GlobalSection(ExtensibilityGlobals) = postSolution
		SolutionGuid = {298373DB-89E8-485D-B034-08DD582FBBFA}
	EndGlobalSection
EndGlobal
