
Microsoft Visual Studio Solution File, Format Version 12.00
# Visual Studio Version 17
VisualStudioVersion = 17.7.34202.233
MinimumVisualStudioVersion = 10.0.40219.1
Project("{9A19103F-16F7-4668-BE54-9A1E7A4F7556}") = "Jarvis Windows", "Jarvis Windows\Jarvis Windows.csproj", "{7C102F24-553F-4D0C-B3DC-3D6D433AEF90}"
EndProject
Project("{C7167F0D-BC9F-4E6E-AFE1-012C56B48DB5}") = "Jarvis Installer", "Jarvis Installer\Jarvis Installer.wapproj", "{2CC961D7-4DBA-4EB8-90F7-156773285575}"
EndProject
Global
	GlobalSection(SolutionConfigurationPlatforms) = preSolution
		Debug|Any CPU = Debug|Any CPU
		Debug|ARM = Debug|ARM
		Debug|ARM64 = Debug|ARM64
		Debug|x64 = Debug|x64
		Debug|x86 = Debug|x86
		Dev|Any CPU = Dev|Any CPU
		Dev|ARM = Dev|ARM
		Dev|ARM64 = Dev|ARM64
		Dev|x64 = Dev|x64
		Dev|x86 = Dev|x86
		Product|Any CPU = Product|Any CPU
		Product|ARM = Product|ARM
		Product|ARM64 = Product|ARM64
		Product|x64 = Product|x64
		Product|x86 = Product|x86
		Release|Any CPU = Release|Any CPU
		Release|ARM = Release|ARM
		Release|ARM64 = Release|ARM64
		Release|x64 = Release|x64
		Release|x86 = Release|x86
	EndGlobalSection
	GlobalSection(ProjectConfigurationPlatforms) = postSolution
		{7C102F24-553F-4D0C-B3DC-3D6D433AEF90}.Debug|Any CPU.ActiveCfg = Debug|Any CPU
		{7C102F24-553F-4D0C-B3DC-3D6D433AEF90}.Debug|Any CPU.Build.0 = Debug|Any CPU
		{7C102F24-553F-4D0C-B3DC-3D6D433AEF90}.Debug|ARM.ActiveCfg = Debug|Any CPU
		{7C102F24-553F-4D0C-B3DC-3D6D433AEF90}.Debug|ARM.Build.0 = Debug|Any CPU
		{7C102F24-553F-4D0C-B3DC-3D6D433AEF90}.Debug|ARM64.ActiveCfg = Debug|Any CPU
		{7C102F24-553F-4D0C-B3DC-3D6D433AEF90}.Debug|ARM64.Build.0 = Debug|Any CPU
		{7C102F24-553F-4D0C-B3DC-3D6D433AEF90}.Debug|x64.ActiveCfg = Debug|Any CPU
		{7C102F24-553F-4D0C-B3DC-3D6D433AEF90}.Debug|x64.Build.0 = Debug|Any CPU
		{7C102F24-553F-4D0C-B3DC-3D6D433AEF90}.Debug|x86.ActiveCfg = Debug|Any CPU
		{7C102F24-553F-4D0C-B3DC-3D6D433AEF90}.Debug|x86.Build.0 = Debug|Any CPU
		{7C102F24-553F-4D0C-B3DC-3D6D433AEF90}.Dev|Any CPU.ActiveCfg = Dev|Any CPU
		{7C102F24-553F-4D0C-B3DC-3D6D433AEF90}.Dev|Any CPU.Build.0 = Dev|Any CPU
		{7C102F24-553F-4D0C-B3DC-3D6D433AEF90}.Dev|ARM.ActiveCfg = Dev|Any CPU
		{7C102F24-553F-4D0C-B3DC-3D6D433AEF90}.Dev|ARM.Build.0 = Dev|Any CPU
		{7C102F24-553F-4D0C-B3DC-3D6D433AEF90}.Dev|ARM64.ActiveCfg = Dev|Any CPU
		{7C102F24-553F-4D0C-B3DC-3D6D433AEF90}.Dev|ARM64.Build.0 = Dev|Any CPU
		{7C102F24-553F-4D0C-B3DC-3D6D433AEF90}.Dev|x64.ActiveCfg = Dev|Any CPU
		{7C102F24-553F-4D0C-B3DC-3D6D433AEF90}.Dev|x64.Build.0 = Dev|Any CPU
		{7C102F24-553F-4D0C-B3DC-3D6D433AEF90}.Dev|x86.ActiveCfg = Dev|Any CPU
		{7C102F24-553F-4D0C-B3DC-3D6D433AEF90}.Dev|x86.Build.0 = Dev|Any CPU
		{7C102F24-553F-4D0C-B3DC-3D6D433AEF90}.Product|Any CPU.ActiveCfg = Product|Any CPU
		{7C102F24-553F-4D0C-B3DC-3D6D433AEF90}.Product|Any CPU.Build.0 = Product|Any CPU
		{7C102F24-553F-4D0C-B3DC-3D6D433AEF90}.Product|ARM.ActiveCfg = Product|Any CPU
		{7C102F24-553F-4D0C-B3DC-3D6D433AEF90}.Product|ARM.Build.0 = Product|Any CPU
		{7C102F24-553F-4D0C-B3DC-3D6D433AEF90}.Product|ARM64.ActiveCfg = Product|Any CPU
		{7C102F24-553F-4D0C-B3DC-3D6D433AEF90}.Product|ARM64.Build.0 = Product|Any CPU
		{7C102F24-553F-4D0C-B3DC-3D6D433AEF90}.Product|x64.ActiveCfg = Product|Any CPU
		{7C102F24-553F-4D0C-B3DC-3D6D433AEF90}.Product|x64.Build.0 = Product|Any CPU
		{7C102F24-553F-4D0C-B3DC-3D6D433AEF90}.Product|x86.ActiveCfg = Product|Any CPU
		{7C102F24-553F-4D0C-B3DC-3D6D433AEF90}.Product|x86.Build.0 = Product|Any CPU
		{7C102F24-553F-4D0C-B3DC-3D6D433AEF90}.Release|Any CPU.ActiveCfg = Release|Any CPU
		{7C102F24-553F-4D0C-B3DC-3D6D433AEF90}.Release|Any CPU.Build.0 = Release|Any CPU
		{7C102F24-553F-4D0C-B3DC-3D6D433AEF90}.Release|ARM.ActiveCfg = Release|Any CPU
		{7C102F24-553F-4D0C-B3DC-3D6D433AEF90}.Release|ARM.Build.0 = Release|Any CPU
		{7C102F24-553F-4D0C-B3DC-3D6D433AEF90}.Release|ARM64.ActiveCfg = Release|Any CPU
		{7C102F24-553F-4D0C-B3DC-3D6D433AEF90}.Release|ARM64.Build.0 = Release|Any CPU
		{7C102F24-553F-4D0C-B3DC-3D6D433AEF90}.Release|x64.ActiveCfg = Release|x64
		{7C102F24-553F-4D0C-B3DC-3D6D433AEF90}.Release|x64.Build.0 = Release|x64
		{7C102F24-553F-4D0C-B3DC-3D6D433AEF90}.Release|x86.ActiveCfg = Release|x86
		{7C102F24-553F-4D0C-B3DC-3D6D433AEF90}.Release|x86.Build.0 = Release|x86
		{2CC961D7-4DBA-4EB8-90F7-156773285575}.Debug|Any CPU.ActiveCfg = Debug|Any CPU
		{2CC961D7-4DBA-4EB8-90F7-156773285575}.Debug|Any CPU.Build.0 = Debug|Any CPU
		{2CC961D7-4DBA-4EB8-90F7-156773285575}.Debug|Any CPU.Deploy.0 = Debug|Any CPU
		{2CC961D7-4DBA-4EB8-90F7-156773285575}.Debug|ARM.ActiveCfg = Debug|ARM
		{2CC961D7-4DBA-4EB8-90F7-156773285575}.Debug|ARM.Build.0 = Debug|ARM
		{2CC961D7-4DBA-4EB8-90F7-156773285575}.Debug|ARM.Deploy.0 = Debug|ARM
		{2CC961D7-4DBA-4EB8-90F7-156773285575}.Debug|ARM64.ActiveCfg = Debug|ARM64
		{2CC961D7-4DBA-4EB8-90F7-156773285575}.Debug|ARM64.Build.0 = Debug|ARM64
		{2CC961D7-4DBA-4EB8-90F7-156773285575}.Debug|ARM64.Deploy.0 = Debug|ARM64
		{2CC961D7-4DBA-4EB8-90F7-156773285575}.Debug|x64.ActiveCfg = Debug|x64
		{2CC961D7-4DBA-4EB8-90F7-156773285575}.Debug|x64.Build.0 = Debug|x64
		{2CC961D7-4DBA-4EB8-90F7-156773285575}.Debug|x64.Deploy.0 = Debug|x64
		{2CC961D7-4DBA-4EB8-90F7-156773285575}.Debug|x86.ActiveCfg = Debug|x86
		{2CC961D7-4DBA-4EB8-90F7-156773285575}.Debug|x86.Build.0 = Debug|x86
		{2CC961D7-4DBA-4EB8-90F7-156773285575}.Debug|x86.Deploy.0 = Debug|x86
		{2CC961D7-4DBA-4EB8-90F7-156773285575}.Dev|Any CPU.ActiveCfg = Debug|Any CPU
		{2CC961D7-4DBA-4EB8-90F7-156773285575}.Dev|Any CPU.Build.0 = Debug|Any CPU
		{2CC961D7-4DBA-4EB8-90F7-156773285575}.Dev|Any CPU.Deploy.0 = Debug|Any CPU
		{2CC961D7-4DBA-4EB8-90F7-156773285575}.Dev|ARM.ActiveCfg = Debug|ARM
		{2CC961D7-4DBA-4EB8-90F7-156773285575}.Dev|ARM.Build.0 = Debug|ARM
		{2CC961D7-4DBA-4EB8-90F7-156773285575}.Dev|ARM.Deploy.0 = Debug|ARM
		{2CC961D7-4DBA-4EB8-90F7-156773285575}.Dev|ARM64.ActiveCfg = Debug|ARM64
		{2CC961D7-4DBA-4EB8-90F7-156773285575}.Dev|ARM64.Build.0 = Debug|ARM64
		{2CC961D7-4DBA-4EB8-90F7-156773285575}.Dev|ARM64.Deploy.0 = Debug|ARM64
		{2CC961D7-4DBA-4EB8-90F7-156773285575}.Dev|x64.ActiveCfg = Debug|x64
		{2CC961D7-4DBA-4EB8-90F7-156773285575}.Dev|x64.Build.0 = Debug|x64
		{2CC961D7-4DBA-4EB8-90F7-156773285575}.Dev|x64.Deploy.0 = Debug|x64
		{2CC961D7-4DBA-4EB8-90F7-156773285575}.Dev|x86.ActiveCfg = Debug|x86
		{2CC961D7-4DBA-4EB8-90F7-156773285575}.Dev|x86.Build.0 = Debug|x86
		{2CC961D7-4DBA-4EB8-90F7-156773285575}.Dev|x86.Deploy.0 = Debug|x86
		{2CC961D7-4DBA-4EB8-90F7-156773285575}.Product|Any CPU.ActiveCfg = Release|Any CPU
		{2CC961D7-4DBA-4EB8-90F7-156773285575}.Product|Any CPU.Build.0 = Release|Any CPU
		{2CC961D7-4DBA-4EB8-90F7-156773285575}.Product|Any CPU.Deploy.0 = Release|Any CPU
		{2CC961D7-4DBA-4EB8-90F7-156773285575}.Product|ARM.ActiveCfg = Debug|ARM
		{2CC961D7-4DBA-4EB8-90F7-156773285575}.Product|ARM.Build.0 = Debug|ARM
		{2CC961D7-4DBA-4EB8-90F7-156773285575}.Product|ARM.Deploy.0 = Debug|ARM
		{2CC961D7-4DBA-4EB8-90F7-156773285575}.Product|ARM64.ActiveCfg = Debug|ARM64
		{2CC961D7-4DBA-4EB8-90F7-156773285575}.Product|ARM64.Build.0 = Debug|ARM64
		{2CC961D7-4DBA-4EB8-90F7-156773285575}.Product|ARM64.Deploy.0 = Debug|ARM64
		{2CC961D7-4DBA-4EB8-90F7-156773285575}.Product|x64.ActiveCfg = Debug|x64
		{2CC961D7-4DBA-4EB8-90F7-156773285575}.Product|x64.Build.0 = Debug|x64
		{2CC961D7-4DBA-4EB8-90F7-156773285575}.Product|x64.Deploy.0 = Debug|x64
		{2CC961D7-4DBA-4EB8-90F7-156773285575}.Product|x86.ActiveCfg = Debug|x86
		{2CC961D7-4DBA-4EB8-90F7-156773285575}.Product|x86.Build.0 = Debug|x86
		{2CC961D7-4DBA-4EB8-90F7-156773285575}.Product|x86.Deploy.0 = Debug|x86
		{2CC961D7-4DBA-4EB8-90F7-156773285575}.Release|Any CPU.ActiveCfg = Release|Any CPU
		{2CC961D7-4DBA-4EB8-90F7-156773285575}.Release|Any CPU.Build.0 = Release|Any CPU
		{2CC961D7-4DBA-4EB8-90F7-156773285575}.Release|Any CPU.Deploy.0 = Release|Any CPU
		{2CC961D7-4DBA-4EB8-90F7-156773285575}.Release|ARM.ActiveCfg = Release|ARM
		{2CC961D7-4DBA-4EB8-90F7-156773285575}.Release|ARM.Build.0 = Release|ARM
		{2CC961D7-4DBA-4EB8-90F7-156773285575}.Release|ARM.Deploy.0 = Release|ARM
		{2CC961D7-4DBA-4EB8-90F7-156773285575}.Release|ARM64.ActiveCfg = Release|ARM64
		{2CC961D7-4DBA-4EB8-90F7-156773285575}.Release|ARM64.Build.0 = Release|ARM64
		{2CC961D7-4DBA-4EB8-90F7-156773285575}.Release|ARM64.Deploy.0 = Release|ARM64
		{2CC961D7-4DBA-4EB8-90F7-156773285575}.Release|x64.ActiveCfg = Release|x64
		{2CC961D7-4DBA-4EB8-90F7-156773285575}.Release|x64.Build.0 = Release|x64
		{2CC961D7-4DBA-4EB8-90F7-156773285575}.Release|x64.Deploy.0 = Release|x64
		{2CC961D7-4DBA-4EB8-90F7-156773285575}.Release|x86.ActiveCfg = Release|x86
		{2CC961D7-4DBA-4EB8-90F7-156773285575}.Release|x86.Build.0 = Release|x86
		{2CC961D7-4DBA-4EB8-90F7-156773285575}.Release|x86.Deploy.0 = Release|x86
	EndGlobalSection
	GlobalSection(SolutionProperties) = preSolution
		HideSolutionNode = FALSE
	EndGlobalSection
	GlobalSection(ExtensibilityGlobals) = postSolution
		SolutionGuid = {298373DB-89E8-485D-B034-08DD582FBBFA}
	EndGlobalSection
EndGlobal
