
Microsoft Visual Studio Solution File, Format Version 12.00
# Visual Studio Version 17
VisualStudioVersion = 17.7.34202.233
MinimumVisualStudioVersion = 10.0.40219.1
Project("{FAE04EC0-301F-11D3-BF4B-00C04F79EFBC}") = "JarvisWindows", "JarvisWindows\JarvisWindows.csproj", "{73E61382-C381-4C33-B60A-2BFF08548D56}"
EndProject
Global
	GlobalSection(SolutionConfigurationPlatforms) = preSolution
		Debug|Any CPU = Debug|Any CPU
		Dev|Any CPU = Dev|Any CPU
		Product|Any CPU = Product|Any CPU
		Release|Any CPU = Release|Any CPU
	EndGlobalSection
	GlobalSection(ProjectConfigurationPlatforms) = postSolution
		{73E61382-C381-4C33-B60A-2BFF08548D56}.Debug|Any CPU.ActiveCfg = Debug|Any CPU
		{73E61382-C381-4C33-B60A-2BFF08548D56}.Debug|Any CPU.Build.0 = Debug|Any CPU
		{73E61382-C381-4C33-B60A-2BFF08548D56}.Dev|Any CPU.ActiveCfg = Dev|Any CPU
		{73E61382-C381-4C33-B60A-2BFF08548D56}.Dev|Any CPU.Build.0 = Dev|Any CPU
		{73E61382-C381-4C33-B60A-2BFF08548D56}.Product|Any CPU.ActiveCfg = Product|Any CPU
		{73E61382-C381-4C33-B60A-2BFF08548D56}.Product|Any CPU.Build.0 = Product|Any CPU
		{73E61382-C381-4C33-B60A-2BFF08548D56}.Release|Any CPU.ActiveCfg = Release|Any CPU
		{73E61382-C381-4C33-B60A-2BFF08548D56}.Release|Any CPU.Build.0 = Release|Any CPU
	EndGlobalSection
	GlobalSection(SolutionProperties) = preSolution
		HideSolutionNode = FALSE
	EndGlobalSection
	GlobalSection(ExtensibilityGlobals) = postSolution
		SolutionGuid = {78ECD2D3-D47A-4484-A299-E825D70E0645}
	EndGlobalSection
EndGlobal
